
Microsoft Visual Studio Solution File, Format Version 12.00
# Visual Studio Version 17
VisualStudioVersion = 17.3.32825.248
MinimumVisualStudioVersion = 10.0.40219.1
Project("{8BC9CEB8-8B4A-11D0-8D11-00A0C91BC942}") = "Ejercicio6_Lab", "Ejercicio6_Lab\Ejercicio6_Lab.vcxproj", "{E114B190-FFD4-40AB-8AC2-F27DA088DCEC}"
EndProject
Global
	GlobalSection(SolutionConfigurationPlatforms) = preSolution
		Debug|x64 = Debug|x64
		Debug|x86 = Debug|x86
		Release|x64 = Release|x64
		Release|x86 = Release|x86
	EndGlobalSection
	GlobalSection(ProjectConfigurationPlatforms) = postSolution
		{E114B190-FFD4-40AB-8AC2-F27DA088DCEC}.Debug|x64.ActiveCfg = Debug|x64
		{E114B190-FFD4-40AB-8AC2-F27DA088DCEC}.Debug|x64.Build.0 = Debug|x64
		{E114B190-FFD4-40AB-8AC2-F27DA088DCEC}.Debug|x86.ActiveCfg = Debug|Win32
		{E114B190-FFD4-40AB-8AC2-F27DA088DCEC}.Debug|x86.Build.0 = Debug|Win32
		{E114B190-FFD4-40AB-8AC2-F27DA088DCEC}.Release|x64.ActiveCfg = Release|x64
		{E114B190-FFD4-40AB-8AC2-F27DA088DCEC}.Release|x64.Build.0 = Release|x64
		{E114B190-FFD4-40AB-8AC2-F27DA088DCEC}.Release|x86.ActiveCfg = Release|Win32
		{E114B190-FFD4-40AB-8AC2-F27DA088DCEC}.Release|x86.Build.0 = Release|Win32
	EndGlobalSection
	GlobalSection(SolutionProperties) = preSolution
		HideSolutionNode = FALSE
	EndGlobalSection
	GlobalSection(ExtensibilityGlobals) = postSolution
		SolutionGuid = {D22EC5E5-DE0F-4DB7-86DD-C7A630E1B58E}
	EndGlobalSection
EndGlobal
