
Microsoft Visual Studio Solution File, Format Version 12.00
# Visual Studio Version 17
VisualStudioVersion = 17.3.32825.248
MinimumVisualStudioVersion = 10.0.40219.1
Project("{8BC9CEB8-8B4A-11D0-8D11-00A0C91BC942}") = "Ejercicio10_03", "Ejercicio10_03\Ejercicio10_03.vcxproj", "{BF789F85-50FD-47CF-A889-F437447CED69}"
EndProject
Global
	GlobalSection(SolutionConfigurationPlatforms) = preSolution
		Debug|x64 = Debug|x64
		Debug|x86 = Debug|x86
		Release|x64 = Release|x64
		Release|x86 = Release|x86
	EndGlobalSection
	GlobalSection(ProjectConfigurationPlatforms) = postSolution
		{BF789F85-50FD-47CF-A889-F437447CED69}.Debug|x64.ActiveCfg = Debug|x64
		{BF789F85-50FD-47CF-A889-F437447CED69}.Debug|x64.Build.0 = Debug|x64
		{BF789F85-50FD-47CF-A889-F437447CED69}.Debug|x86.ActiveCfg = Debug|Win32
		{BF789F85-50FD-47CF-A889-F437447CED69}.Debug|x86.Build.0 = Debug|Win32
		{BF789F85-50FD-47CF-A889-F437447CED69}.Release|x64.ActiveCfg = Release|x64
		{BF789F85-50FD-47CF-A889-F437447CED69}.Release|x64.Build.0 = Release|x64
		{BF789F85-50FD-47CF-A889-F437447CED69}.Release|x86.ActiveCfg = Release|Win32
		{BF789F85-50FD-47CF-A889-F437447CED69}.Release|x86.Build.0 = Release|Win32
	EndGlobalSection
	GlobalSection(SolutionProperties) = preSolution
		HideSolutionNode = FALSE
	EndGlobalSection
	GlobalSection(ExtensibilityGlobals) = postSolution
		SolutionGuid = {8ACA3057-F30B-4DDF-9C8E-BC23861CE323}
	EndGlobalSection
EndGlobal
