
Microsoft Visual Studio Solution File, Format Version 12.00
# Visual Studio Version 17
VisualStudioVersion = 17.3.32825.248
MinimumVisualStudioVersion = 10.0.40219.1
Project("{8BC9CEB8-8B4A-11D0-8D11-00A0C91BC942}") = "Ejercicio6_02", "Ejercicio6_02\Ejercicio6_02.vcxproj", "{99DF05D0-9620-4508-994A-9A2CB41BCC0E}"
EndProject
Global
	GlobalSection(SolutionConfigurationPlatforms) = preSolution
		Debug|x64 = Debug|x64
		Debug|x86 = Debug|x86
		Release|x64 = Release|x64
		Release|x86 = Release|x86
	EndGlobalSection
	GlobalSection(ProjectConfigurationPlatforms) = postSolution
		{99DF05D0-9620-4508-994A-9A2CB41BCC0E}.Debug|x64.ActiveCfg = Debug|x64
		{99DF05D0-9620-4508-994A-9A2CB41BCC0E}.Debug|x64.Build.0 = Debug|x64
		{99DF05D0-9620-4508-994A-9A2CB41BCC0E}.Debug|x86.ActiveCfg = Debug|Win32
		{99DF05D0-9620-4508-994A-9A2CB41BCC0E}.Debug|x86.Build.0 = Debug|Win32
		{99DF05D0-9620-4508-994A-9A2CB41BCC0E}.Release|x64.ActiveCfg = Release|x64
		{99DF05D0-9620-4508-994A-9A2CB41BCC0E}.Release|x64.Build.0 = Release|x64
		{99DF05D0-9620-4508-994A-9A2CB41BCC0E}.Release|x86.ActiveCfg = Release|Win32
		{99DF05D0-9620-4508-994A-9A2CB41BCC0E}.Release|x86.Build.0 = Release|Win32
	EndGlobalSection
	GlobalSection(SolutionProperties) = preSolution
		HideSolutionNode = FALSE
	EndGlobalSection
	GlobalSection(ExtensibilityGlobals) = postSolution
		SolutionGuid = {ADC6D072-B6AA-4121-B7F9-04DD913D8C82}
	EndGlobalSection
EndGlobal
