
Microsoft Visual Studio Solution File, Format Version 12.00
# Visual Studio Version 17
VisualStudioVersion = 17.3.32825.248
MinimumVisualStudioVersion = 10.0.40219.1
Project("{8BC9CEB8-8B4A-11D0-8D11-00A0C91BC942}") = "Ejercicio4_06", "Ejercicio4_06\Ejercicio4_06.vcxproj", "{B4758806-B274-4D88-8017-68C07F28F4D6}"
EndProject
Global
	GlobalSection(SolutionConfigurationPlatforms) = preSolution
		Debug|x64 = Debug|x64
		Debug|x86 = Debug|x86
		Release|x64 = Release|x64
		Release|x86 = Release|x86
	EndGlobalSection
	GlobalSection(ProjectConfigurationPlatforms) = postSolution
		{B4758806-B274-4D88-8017-68C07F28F4D6}.Debug|x64.ActiveCfg = Debug|x64
		{B4758806-B274-4D88-8017-68C07F28F4D6}.Debug|x64.Build.0 = Debug|x64
		{B4758806-B274-4D88-8017-68C07F28F4D6}.Debug|x86.ActiveCfg = Debug|Win32
		{B4758806-B274-4D88-8017-68C07F28F4D6}.Debug|x86.Build.0 = Debug|Win32
		{B4758806-B274-4D88-8017-68C07F28F4D6}.Release|x64.ActiveCfg = Release|x64
		{B4758806-B274-4D88-8017-68C07F28F4D6}.Release|x64.Build.0 = Release|x64
		{B4758806-B274-4D88-8017-68C07F28F4D6}.Release|x86.ActiveCfg = Release|Win32
		{B4758806-B274-4D88-8017-68C07F28F4D6}.Release|x86.Build.0 = Release|Win32
	EndGlobalSection
	GlobalSection(SolutionProperties) = preSolution
		HideSolutionNode = FALSE
	EndGlobalSection
	GlobalSection(ExtensibilityGlobals) = postSolution
		SolutionGuid = {9F15CDA6-6145-4260-91D9-077284DED748}
	EndGlobalSection
EndGlobal
